// !$*UTF8*$!
{
	archiveVersion = 1;
	classes = {
	};
	objectVersion = 46;
	objects = {

/* Begin PBXBuildFile section */
		9EE7C9AA1AEC21D800452436 /* main.m in Sources */ = {isa = PBXBuildFile; fileRef = 9EE7C9A91AEC21D800452436 /* main.m */; };
		9EE7C9AD1AEC21D800452436 /* AppDelegate.m in Sources */ = {isa = PBXBuildFile; fileRef = 9EE7C9AC1AEC21D800452436 /* AppDelegate.m */; };
		9EE7C9B01AEC21D800452436 /* ViewController.m in Sources */ = {isa = PBXBuildFile; fileRef = 9EE7C9AF1AEC21D800452436 /* ViewController.m */; };
		9EE7C9B31AEC21D800452436 /* Main.storyboard in Resources */ = {isa = PBXBuildFile; fileRef = 9EE7C9B11AEC21D800452436 /* Main.storyboard */; };
		9EE7C9B51AEC21D800452436 /* Images.xcassets in Resources */ = {isa = PBXBuildFile; fileRef = 9EE7C9B41AEC21D800452436 /* Images.xcassets */; };
		9EE7C9B81AEC21D800452436 /* LaunchScreen.xib in Resources */ = {isa = PBXBuildFile; fileRef = 9EE7C9B61AEC21D800452436 /* LaunchScreen.xib */; };
		9EE7C9C41AEC21D800452436 /* DemoTests.m in Sources */ = {isa = PBXBuildFile; fileRef = 9EE7C9C31AEC21D800452436 /* DemoTests.m */; };
		9EE7C9D41AEC353400452436 /* KTSContactsManager.m in Sources */ = {isa = PBXBuildFile; fileRef = 9EE7C9D31AEC353400452436 /* KTSContactsManager.m */; };
/* End PBXBuildFile section */

/* Begin PBXContainerItemProxy section */
		9EE7C9BE1AEC21D800452436 /* PBXContainerItemProxy */ = {
			isa = PBXContainerItemProxy;
			containerPortal = 9EE7C99C1AEC21D800452436 /* Project object */;
			proxyType = 1;
			remoteGlobalIDString = 9EE7C9A31AEC21D800452436;
			remoteInfo = Demo;
		};
/* End PBXContainerItemProxy section */

/* Begin PBXFileReference section */
		9EE7C9A41AEC21D800452436 /* Demo.app */ = {isa = PBXFileReference; explicitFileType = wrapper.application; includeInIndex = 0; path = Demo.app; sourceTree = BUILT_PRODUCTS_DIR; };
		9EE7C9A81AEC21D800452436 /* Info.plist */ = {isa = PBXFileReference; lastKnownFileType = text.plist.xml; path = Info.plist; sourceTree = "<group>"; };
		9EE7C9A91AEC21D800452436 /* main.m */ = {isa = PBXFileReference; lastKnownFileType = sourcecode.c.objc; path = main.m; sourceTree = "<group>"; };
		9EE7C9AB1AEC21D800452436 /* AppDelegate.h */ = {isa = PBXFileReference; lastKnownFileType = sourcecode.c.h; path = AppDelegate.h; sourceTree = "<group>"; };
		9EE7C9AC1AEC21D800452436 /* AppDelegate.m */ = {isa = PBXFileReference; lastKnownFileType = sourcecode.c.objc; path = AppDelegate.m; sourceTree = "<group>"; };
		9EE7C9AE1AEC21D800452436 /* ViewController.h */ = {isa = PBXFileReference; lastKnownFileType = sourcecode.c.h; path = ViewController.h; sourceTree = "<group>"; };
		9EE7C9AF1AEC21D800452436 /* ViewController.m */ = {isa = PBXFileReference; lastKnownFileType = sourcecode.c.objc; path = ViewController.m; sourceTree = "<group>"; };
		9EE7C9B21AEC21D800452436 /* Base */ = {isa = PBXFileReference; lastKnownFileType = file.storyboard; name = Base; path = Base.lproj/Main.storyboard; sourceTree = "<group>"; };
		9EE7C9B41AEC21D800452436 /* Images.xcassets */ = {isa = PBXFileReference; lastKnownFileType = folder.assetcatalog; path = Images.xcassets; sourceTree = "<group>"; };
		9EE7C9B71AEC21D800452436 /* Base */ = {isa = PBXFileReference; lastKnownFileType = file.xib; name = Base; path = Base.lproj/LaunchScreen.xib; sourceTree = "<group>"; };
		9EE7C9BD1AEC21D800452436 /* DemoTests.xctest */ = {isa = PBXFileReference; explicitFileType = wrapper.cfbundle; includeInIndex = 0; path = DemoTests.xctest; sourceTree = BUILT_PRODUCTS_DIR; };
		9EE7C9C21AEC21D800452436 /* Info.plist */ = {isa = PBXFileReference; lastKnownFileType = text.plist.xml; path = Info.plist; sourceTree = "<group>"; };
		9EE7C9C31AEC21D800452436 /* DemoTests.m */ = {isa = PBXFileReference; lastKnownFileType = sourcecode.c.objc; path = DemoTests.m; sourceTree = "<group>"; };
		9EE7C9D21AEC353400452436 /* KTSContactsManager.h */ = {isa = PBXFileReference; fileEncoding = 4; lastKnownFileType = sourcecode.c.h; path = KTSContactsManager.h; sourceTree = "<group>"; };
		9EE7C9D31AEC353400452436 /* KTSContactsManager.m */ = {isa = PBXFileReference; fileEncoding = 4; lastKnownFileType = sourcecode.c.objc; path = KTSContactsManager.m; sourceTree = "<group>"; };
/* End PBXFileReference section */

/* Begin PBXFrameworksBuildPhase section */
		9EE7C9A11AEC21D800452436 /* Frameworks */ = {
			isa = PBXFrameworksBuildPhase;
			buildActionMask = 2147483647;
			files = (
			);
			runOnlyForDeploymentPostprocessing = 0;
		};
		9EE7C9BA1AEC21D800452436 /* Frameworks */ = {
			isa = PBXFrameworksBuildPhase;
			buildActionMask = 2147483647;
			files = (
			);
			runOnlyForDeploymentPostprocessing = 0;
		};
/* End PBXFrameworksBuildPhase section */

/* Begin PBXGroup section */
		9EE7C99B1AEC21D800452436 = {
			isa = PBXGroup;
			children = (
				9EE7C9A61AEC21D800452436 /* Demo */,
				9EE7C9C01AEC21D800452436 /* DemoTests */,
				9EE7C9A51AEC21D800452436 /* Products */,
			);
			sourceTree = "<group>";
		};
		9EE7C9A51AEC21D800452436 /* Products */ = {
			isa = PBXGroup;
			children = (
				9EE7C9A41AEC21D800452436 /* Demo.app */,
				9EE7C9BD1AEC21D800452436 /* DemoTests.xctest */,
			);
			name = Products;
			sourceTree = "<group>";
		};
		9EE7C9A61AEC21D800452436 /* Demo */ = {
			isa = PBXGroup;
			children = (
				9EE7C9AB1AEC21D800452436 /* AppDelegate.h */,
				9EE7C9AC1AEC21D800452436 /* AppDelegate.m */,
				9EE7C9AE1AEC21D800452436 /* ViewController.h */,
				9EE7C9AF1AEC21D800452436 /* ViewController.m */,
				9EE7C9B11AEC21D800452436 /* Main.storyboard */,
				9EE7C9B41AEC21D800452436 /* Images.xcassets */,
				9EE7C9B61AEC21D800452436 /* LaunchScreen.xib */,
				9EE7C9D11AEC353400452436 /* ContactsManager */,
				9EE7C9A71AEC21D800452436 /* Supporting Files */,
			);
			path = Demo;
			sourceTree = "<group>";
		};
		9EE7C9A71AEC21D800452436 /* Supporting Files */ = {
			isa = PBXGroup;
			children = (
				9EE7C9A81AEC21D800452436 /* Info.plist */,
				9EE7C9A91AEC21D800452436 /* main.m */,
			);
			name = "Supporting Files";
			sourceTree = "<group>";
		};
		9EE7C9C01AEC21D800452436 /* DemoTests */ = {
			isa = PBXGroup;
			children = (
				9EE7C9C31AEC21D800452436 /* DemoTests.m */,
				9EE7C9C11AEC21D800452436 /* Supporting Files */,
			);
			path = DemoTests;
			sourceTree = "<group>";
		};
		9EE7C9C11AEC21D800452436 /* Supporting Files */ = {
			isa = PBXGroup;
			children = (
				9EE7C9C21AEC21D800452436 /* Info.plist */,
			);
			name = "Supporting Files";
			sourceTree = "<group>";
		};
		9EE7C9D11AEC353400452436 /* ContactsManager */ = {
			isa = PBXGroup;
			children = (
				9EE7C9D21AEC353400452436 /* KTSContactsManager.h */,
				9EE7C9D31AEC353400452436 /* KTSContactsManager.m */,
			);
			path = ContactsManager;
			sourceTree = "<group>";
		};
/* End PBXGroup section */

/* Begin PBXNativeTarget section */
		9EE7C9A31AEC21D800452436 /* Demo */ = {
			isa = PBXNativeTarget;
			buildConfigurationList = 9EE7C9C71AEC21D800452436 /* Build configuration list for PBXNativeTarget "Demo" */;
			buildPhases = (
				9EE7C9A01AEC21D800452436 /* Sources */,
				9EE7C9A11AEC21D800452436 /* Frameworks */,
				9EE7C9A21AEC21D800452436 /* Resources */,
			);
			buildRules = (
			);
			dependencies = (
			);
			name = Demo;
			productName = Demo;
			productReference = 9EE7C9A41AEC21D800452436 /* Demo.app */;
			productType = "com.apple.product-type.application";
		};
		9EE7C9BC1AEC21D800452436 /* DemoTests */ = {
			isa = PBXNativeTarget;
			buildConfigurationList = 9EE7C9CA1AEC21D800452436 /* Build configuration list for PBXNativeTarget "DemoTests" */;
			buildPhases = (
				9EE7C9B91AEC21D800452436 /* Sources */,
				9EE7C9BA1AEC21D800452436 /* Frameworks */,
				9EE7C9BB1AEC21D800452436 /* Resources */,
			);
			buildRules = (
			);
			dependencies = (
				9EE7C9BF1AEC21D800452436 /* PBXTargetDependency */,
			);
			name = DemoTests;
			productName = DemoTests;
			productReference = 9EE7C9BD1AEC21D800452436 /* DemoTests.xctest */;
			productType = "com.apple.product-type.bundle.unit-test";
		};
/* End PBXNativeTarget section */

/* Begin PBXProject section */
		9EE7C99C1AEC21D800452436 /* Project object */ = {
			isa = PBXProject;
			attributes = {
				LastUpgradeCheck = 0630;
				ORGANIZATIONNAME = "Sebastián Gómez";
				TargetAttributes = {
					9EE7C9A31AEC21D800452436 = {
						CreatedOnToolsVersion = 6.3;
					};
					9EE7C9BC1AEC21D800452436 = {
						CreatedOnToolsVersion = 6.3;
						TestTargetID = 9EE7C9A31AEC21D800452436;
					};
				};
			};
			buildConfigurationList = 9EE7C99F1AEC21D800452436 /* Build configuration list for PBXProject "Demo" */;
			compatibilityVersion = "Xcode 3.2";
			developmentRegion = English;
			hasScannedForEncodings = 0;
			knownRegions = (
				en,
				Base,
			);
			mainGroup = 9EE7C99B1AEC21D800452436;
			productRefGroup = 9EE7C9A51AEC21D800452436 /* Products */;
			projectDirPath = "";
			projectRoot = "";
			targets = (
				9EE7C9A31AEC21D800452436 /* Demo */,
				9EE7C9BC1AEC21D800452436 /* DemoTests */,
			);
		};
/* End PBXProject section */

/* Begin PBXResourcesBuildPhase section */
		9EE7C9A21AEC21D800452436 /* Resources */ = {
			isa = PBXResourcesBuildPhase;
			buildActionMask = 2147483647;
			files = (
				9EE7C9B31AEC21D800452436 /* Main.storyboard in Resources */,
				9EE7C9B81AEC21D800452436 /* LaunchScreen.xib in Resources */,
				9EE7C9B51AEC21D800452436 /* Images.xcassets in Resources */,
			);
			runOnlyForDeploymentPostprocessing = 0;
		};
		9EE7C9BB1AEC21D800452436 /* Resources */ = {
			isa = PBXResourcesBuildPhase;
			buildActionMask = 2147483647;
			files = (
			);
			runOnlyForDeploymentPostprocessing = 0;
		};
/* End PBXResourcesBuildPhase section */

/* Begin PBXSourcesBuildPhase section */
		9EE7C9A01AEC21D800452436 /* Sources */ = {
			isa = PBXSourcesBuildPhase;
			buildActionMask = 2147483647;
			files = (
				9EE7C9B01AEC21D800452436 /* ViewController.m in Sources */,
				9EE7C9AD1AEC21D800452436 /* AppDelegate.m in Sources */,
				9EE7C9AA1AEC21D800452436 /* main.m in Sources */,
				9EE7C9D41AEC353400452436 /* KTSContactsManager.m in Sources */,
			);
			runOnlyForDeploymentPostprocessing = 0;
		};
		9EE7C9B91AEC21D800452436 /* Sources */ = {
			isa = PBXSourcesBuildPhase;
			buildActionMask = 2147483647;
			files = (
				9EE7C9C41AEC21D800452436 /* DemoTests.m in Sources */,
			);
			runOnlyForDeploymentPostprocessing = 0;
		};
/* End PBXSourcesBuildPhase section */

/* Begin PBXTargetDependency section */
		9EE7C9BF1AEC21D800452436 /* PBXTargetDependency */ = {
			isa = PBXTargetDependency;
			target = 9EE7C9A31AEC21D800452436 /* Demo */;
			targetProxy = 9EE7C9BE1AEC21D800452436 /* PBXContainerItemProxy */;
		};
/* End PBXTargetDependency section */

/* Begin PBXVariantGroup section */
		9EE7C9B11AEC21D800452436 /* Main.storyboard */ = {
			isa = PBXVariantGroup;
			children = (
				9EE7C9B21AEC21D800452436 /* Base */,
			);
			name = Main.storyboard;
			sourceTree = "<group>";
		};
		9EE7C9B61AEC21D800452436 /* LaunchScreen.xib */ = {
			isa = PBXVariantGroup;
			children = (
				9EE7C9B71AEC21D800452436 /* Base */,
			);
			name = LaunchScreen.xib;
			sourceTree = "<group>";
		};
/* End PBXVariantGroup section */

/* Begin XCBuildConfiguration section */
		9EE7C9C51AEC21D800452436 /* Debug */ = {
			isa = XCBuildConfiguration;
			buildSettings = {
				ALWAYS_SEARCH_USER_PATHS = NO;
				CLANG_CXX_LANGUAGE_STANDARD = "gnu++0x";
				CLANG_CXX_LIBRARY = "libc++";
				CLANG_ENABLE_MODULES = YES;
				CLANG_ENABLE_OBJC_ARC = YES;
				CLANG_WARN_BOOL_CONVERSION = YES;
				CLANG_WARN_CONSTANT_CONVERSION = YES;
				CLANG_WARN_DIRECT_OBJC_ISA_USAGE = YES_ERROR;
				CLANG_WARN_EMPTY_BODY = YES;
				CLANG_WARN_ENUM_CONVERSION = YES;
				CLANG_WARN_INT_CONVERSION = YES;
				CLANG_WARN_OBJC_ROOT_CLASS = YES_ERROR;
				CLANG_WARN_UNREACHABLE_CODE = YES;
				CLANG_WARN__DUPLICATE_METHOD_MATCH = YES;
				"CODE_SIGN_IDENTITY[sdk=iphoneos*]" = "iPhone Developer";
				COPY_PHASE_STRIP = NO;
				DEBUG_INFORMATION_FORMAT = "dwarf-with-dsym";
				ENABLE_STRICT_OBJC_MSGSEND = YES;
				GCC_C_LANGUAGE_STANDARD = gnu99;
				GCC_DYNAMIC_NO_PIC = NO;
				GCC_NO_COMMON_BLOCKS = YES;
				GCC_OPTIMIZATION_LEVEL = 0;
				GCC_PREPROCESSOR_DEFINITIONS = (
					"DEBUG=1",
					"$(inherited)",
				);
				GCC_SYMBOLS_PRIVATE_EXTERN = NO;
				GCC_WARN_64_TO_32_BIT_CONVERSION = YES;
				GCC_WARN_ABOUT_RETURN_TYPE = YES_ERROR;
				GCC_WARN_UNDECLARED_SELECTOR = YES;
				GCC_WARN_UNINITIALIZED_AUTOS = YES_AGGRESSIVE;
				GCC_WARN_UNUSED_FUNCTION = YES;
				GCC_WARN_UNUSED_VARIABLE = YES;
				IPHONEOS_DEPLOYMENT_TARGET = 8.3;
				MTL_ENABLE_DEBUG_INFO = YES;
				ONLY_ACTIVE_ARCH = YES;
				SDKROOT = iphoneos;
				TARGETED_DEVICE_FAMILY = "1,2";
			};
			name = Debug;
		};
		9EE7C9C61AEC21D800452436 /* Release */ = {
			isa = XCBuildConfiguration;
			buildSettings = {
				ALWAYS_SEARCH_USER_PATHS = NO;
				CLANG_CXX_LANGUAGE_STANDARD = "gnu++0x";
				CLANG_CXX_LIBRARY = "libc++";
				CLANG_ENABLE_MODULES = YES;
				CLANG_ENABLE_OBJC_ARC = YES;
				CLANG_WARN_BOOL_CONVERSION = YES;
				CLANG_WARN_CONSTANT_CONVERSION = YES;
				CLANG_WARN_DIRECT_OBJC_ISA_USAGE = YES_ERROR;
				CLANG_WARN_EMPTY_BODY = YES;
				CLANG_WARN_ENUM_CONVERSION = YES;
				CLANG_WARN_INT_CONVERSION = YES;
				CLANG_WARN_OBJC_ROOT_CLASS = YES_ERROR;
				CLANG_WARN_UNREACHABLE_CODE = YES;
				CLANG_WARN__DUPLICATE_METHOD_MATCH = YES;
				"CODE_SIGN_IDENTITY[sdk=iphoneos*]" = "iPhone Developer";
				COPY_PHASE_STRIP = NO;
				DEBUG_INFORMATION_FORMAT = "dwarf-with-dsym";
				ENABLE_NS_ASSERTIONS = NO;
				ENABLE_STRICT_OBJC_MSGSEND = YES;
				GCC_C_LANGUAGE_STANDARD = gnu99;
				GCC_NO_COMMON_BLOCKS = YES;
				GCC_WARN_64_TO_32_BIT_CONVERSION = YES;
				GCC_WARN_ABOUT_RETURN_TYPE = YES_ERROR;
				GCC_WARN_UNDECLARED_SELECTOR = YES;
				GCC_WARN_UNINITIALIZED_AUTOS = YES_AGGRESSIVE;
				GCC_WARN_UNUSED_FUNCTION = YES;
				GCC_WARN_UNUSED_VARIABLE = YES;
				IPHONEOS_DEPLOYMENT_TARGET = 8.3;
				MTL_ENABLE_DEBUG_INFO = NO;
				SDKROOT = iphoneos;
				TARGETED_DEVICE_FAMILY = "1,2";
				VALIDATE_PRODUCT = YES;
			};
			name = Release;
		};
		9EE7C9C81AEC21D800452436 /* Debug */ = {
			isa = XCBuildConfiguration;
			buildSettings = {
				ASSETCATALOG_COMPILER_APPICON_NAME = AppIcon;
				INFOPLIST_FILE = Demo/Info.plist;
				LD_RUNPATH_SEARCH_PATHS = "$(inherited) @executable_path/Frameworks";
				PRODUCT_NAME = "$(TARGET_NAME)";
			};
			name = Debug;
		};
		9EE7C9C91AEC21D800452436 /* Release */ = {
			isa = XCBuildConfiguration;
			buildSettings = {
				ASSETCATALOG_COMPILER_APPICON_NAME = AppIcon;
				INFOPLIST_FILE = Demo/Info.plist;
				LD_RUNPATH_SEARCH_PATHS = "$(inherited) @executable_path/Frameworks";
				PRODUCT_NAME = "$(TARGET_NAME)";
			};
			name = Release;
		};
		9EE7C9CB1AEC21D800452436 /* Debug */ = {
			isa = XCBuildConfiguration;
			buildSettings = {
				BUNDLE_LOADER = "$(TEST_HOST)";
				FRAMEWORK_SEARCH_PATHS = (
					"$(SDKROOT)/Developer/Library/Frameworks",
					"$(inherited)",
				);
				GCC_PREPROCESSOR_DEFINITIONS = (
					"DEBUG=1",
					"$(inherited)",
				);
				INFOPLIST_FILE = DemoTests/Info.plist;
				LD_RUNPATH_SEARCH_PATHS = "$(inherited) @executable_path/Frameworks @loader_path/Frameworks";
				PRODUCT_NAME = "$(TARGET_NAME)";
				TEST_HOST = "$(BUILT_PRODUCTS_DIR)/Demo.app/Demo";
			};
			name = Debug;
		};
		9EE7C9CC1AEC21D800452436 /* Release */ = {
			isa = XCBuildConfiguration;
			buildSettings = {
				BUNDLE_LOADER = "$(TEST_HOST)";
				FRAMEWORK_SEARCH_PATHS = (
					"$(SDKROOT)/Developer/Library/Frameworks",
					"$(inherited)",
				);
				INFOPLIST_FILE = DemoTests/Info.plist;
				LD_RUNPATH_SEARCH_PATHS = "$(inherited) @executable_path/Frameworks @loader_path/Frameworks";
				PRODUCT_NAME = "$(TARGET_NAME)";
				TEST_HOST = "$(BUILT_PRODUCTS_DIR)/Demo.app/Demo";
			};
			name = Release;
		};
/* End XCBuildConfiguration section */

/* Begin XCConfigurationList section */
		9EE7C99F1AEC21D800452436 /* Build configuration list for PBXProject "Demo" */ = {
			isa = XCConfigurationList;
			buildConfigurations = (
				9EE7C9C51AEC21D800452436 /* Debug */,
				9EE7C9C61AEC21D800452436 /* Release */,
			);
			defaultConfigurationIsVisible = 0;
			defaultConfigurationName = Release;
		};
		9EE7C9C71AEC21D800452436 /* Build configuration list for PBXNativeTarget "Demo" */ = {
			isa = XCConfigurationList;
			buildConfigurations = (
				9EE7C9C81AEC21D800452436 /* Debug */,
				9EE7C9C91AEC21D800452436 /* Release */,
			);
			defaultConfigurationIsVisible = 0;
			defaultConfigurationName = Release;
		};
		9EE7C9CA1AEC21D800452436 /* Build configuration list for PBXNativeTarget "DemoTests" */ = {
			isa = XCConfigurationList;
			buildConfigurations = (
				9EE7C9CB1AEC21D800452436 /* Debug */,
				9EE7C9CC1AEC21D800452436 /* Release */,
			);
			defaultConfigurationIsVisible = 0;
			defaultConfigurationName = Release;
		};
/* End XCConfigurationList section */
	};
	rootObject = 9EE7C99C1AEC21D800452436 /* Project object */;
}
